
Microsoft Visual Studio Solution File, Format Version 12.00
# Visual Studio Version 17
VisualStudioVersion = 17.14.36811.4 d17.14
MinimumVisualStudioVersion = 10.0.40219.1
Project("{FAE04EC0-301F-11D3-BF4B-00C04F79EFBC}") = "BMICalculatorApp", "BMICalculatorApp\BMICalculatorApp.csproj", "{810BAE86-97DE-44B4-9659-A87F4878E3EF}"
EndProject
Global
	GlobalSection(SolutionConfigurationPlatforms) = preSolution
		Debug|Any CPU = Debug|Any CPU
		Release|Any CPU = Release|Any CPU
	EndGlobalSection
	GlobalSection(ProjectConfigurationPlatforms) = postSolution
		{810BAE86-97DE-44B4-9659-A87F4878E3EF}.Debug|Any CPU.ActiveCfg = Debug|Any CPU
		{810BAE86-97DE-44B4-9659-A87F4878E3EF}.Debug|Any CPU.Build.0 = Debug|Any CPU
		{810BAE86-97DE-44B4-9659-A87F4878E3EF}.Debug|Any CPU.Deploy.0 = Debug|Any CPU
		{810BAE86-97DE-44B4-9659-A87F4878E3EF}.Release|Any CPU.ActiveCfg = Release|Any CPU
		{810BAE86-97DE-44B4-9659-A87F4878E3EF}.Release|Any CPU.Build.0 = Release|Any CPU
		{810BAE86-97DE-44B4-9659-A87F4878E3EF}.Release|Any CPU.Deploy.0 = Release|Any CPU
	EndGlobalSection
	GlobalSection(SolutionProperties) = preSolution
		HideSolutionNode = FALSE
	EndGlobalSection
	GlobalSection(ExtensibilityGlobals) = postSolution
		SolutionGuid = {99B4BD05-2513-44D0-B0E0-0FC75FCE48E1}
	EndGlobalSection
EndGlobal
